
Microsoft Visual Studio Solution File, Format Version 12.00
# Visual Studio 2013
VisualStudioVersion = 12.0.21005.1
MinimumVisualStudioVersion = 10.0.40219.1
Project("{FAE04EC0-301F-11D3-BF4B-00C04F79EFBC}") = "Contract", "Contract\Contract.csproj", "{E0B09284-C1F4-444F-8E89-8EEF4CF832A3}"
EndProject
Project("{FAE04EC0-301F-11D3-BF4B-00C04F79EFBC}") = "UnitTest.Vertical", "UnitTest.Vertical\UnitTest.Vertical.csproj", "{86F56D3E-360C-460F-9F6B-33E2609F3483}"
EndProject
Project("{FAE04EC0-301F-11D3-BF4B-00C04F79EFBC}") = "DummyBackend", "DummyBackend\DummyBackend.csproj", "{9C4F7F3A-027C-4000-AB5F-FD5A91FF6655}"
EndProject
Project("{FAE04EC0-301F-11D3-BF4B-00C04F79EFBC}") = "AdminstrationFrontend", "AdminstrationFrontend\AdminstrationFrontend.csproj", "{27385136-44E6-40A4-B16A-A1D341B557B9}"
EndProject
Global
	GlobalSection(SolutionConfigurationPlatforms) = preSolution
		Debug|Any CPU = Debug|Any CPU
		Release|Any CPU = Release|Any CPU
	EndGlobalSection
	GlobalSection(ProjectConfigurationPlatforms) = postSolution
		{E0B09284-C1F4-444F-8E89-8EEF4CF832A3}.Debug|Any CPU.ActiveCfg = Debug|Any CPU
		{E0B09284-C1F4-444F-8E89-8EEF4CF832A3}.Debug|Any CPU.Build.0 = Debug|Any CPU
		{E0B09284-C1F4-444F-8E89-8EEF4CF832A3}.Release|Any CPU.ActiveCfg = Release|Any CPU
		{E0B09284-C1F4-444F-8E89-8EEF4CF832A3}.Release|Any CPU.Build.0 = Release|Any CPU
		{86F56D3E-360C-460F-9F6B-33E2609F3483}.Debug|Any CPU.ActiveCfg = Debug|Any CPU
		{86F56D3E-360C-460F-9F6B-33E2609F3483}.Debug|Any CPU.Build.0 = Debug|Any CPU
		{86F56D3E-360C-460F-9F6B-33E2609F3483}.Release|Any CPU.ActiveCfg = Release|Any CPU
		{86F56D3E-360C-460F-9F6B-33E2609F3483}.Release|Any CPU.Build.0 = Release|Any CPU
		{9C4F7F3A-027C-4000-AB5F-FD5A91FF6655}.Debug|Any CPU.ActiveCfg = Debug|Any CPU
		{9C4F7F3A-027C-4000-AB5F-FD5A91FF6655}.Debug|Any CPU.Build.0 = Debug|Any CPU
		{9C4F7F3A-027C-4000-AB5F-FD5A91FF6655}.Release|Any CPU.ActiveCfg = Release|Any CPU
		{9C4F7F3A-027C-4000-AB5F-FD5A91FF6655}.Release|Any CPU.Build.0 = Release|Any CPU
		{27385136-44E6-40A4-B16A-A1D341B557B9}.Debug|Any CPU.ActiveCfg = Debug|Any CPU
		{27385136-44E6-40A4-B16A-A1D341B557B9}.Debug|Any CPU.Build.0 = Debug|Any CPU
		{27385136-44E6-40A4-B16A-A1D341B557B9}.Release|Any CPU.ActiveCfg = Release|Any CPU
		{27385136-44E6-40A4-B16A-A1D341B557B9}.Release|Any CPU.Build.0 = Release|Any CPU
	EndGlobalSection
	GlobalSection(SolutionProperties) = preSolution
		HideSolutionNode = FALSE
	EndGlobalSection
EndGlobal
